// !$*UTF8*$!
{
	archiveVersion = 1;
	classes = {
	};
	objectVersion = 56;
	objects = {

/* Begin PBXBuildFile section */
		A64BE6EF2CBC38EB000DCCD9 /* AppDelegate.swift in Sources */ = {isa = PBXBuildFile; fileRef = A64BE6EE2CBC38EB000DCCD9 /* AppDelegate.swift */; };
		A64BE6F12CBC38EB000DCCD9 /* SceneDelegate.swift in Sources */ = {isa = PBXBuildFile; fileRef = A64BE6F02CBC38EB000DCCD9 /* SceneDelegate.swift */; };
		A64BE6F32CBC38EB000DCCD9 /* ViewController.swift in Sources */ = {isa = PBXBuildFile; fileRef = A64BE6F22CBC38EB000DCCD9 /* ViewController.swift */; };
		A64BE6F62CBC38EB000DCCD9 /* Base in Resources */ = {isa = PBXBuildFile; fileRef = A64BE6F52CBC38EB000DCCD9 /* Base */; };
		A64BE6F82CBC38EC000DCCD9 /* Assets.xcassets in Resources */ = {isa = PBXBuildFile; fileRef = A64BE6F72CBC38EC000DCCD9 /* Assets.xcassets */; };
		A64BE6FB2CBC38EC000DCCD9 /* Base in Resources */ = {isa = PBXBuildFile; fileRef = A64BE6FA2CBC38EC000DCCD9 /* Base */; };
		A64BE7062CBC38ED000DCCD9 /* CounterTests.swift in Sources */ = {isa = PBXBuildFile; fileRef = A64BE7052CBC38ED000DCCD9 /* CounterTests.swift */; };
		A64BE7102CBC38ED000DCCD9 /* CounterUITests.swift in Sources */ = {isa = PBXBuildFile; fileRef = A64BE70F2CBC38ED000DCCD9 /* CounterUITests.swift */; };
		A64BE7122CBC38ED000DCCD9 /* CounterUITestsLaunchTests.swift in Sources */ = {isa = PBXBuildFile; fileRef = A64BE7112CBC38ED000DCCD9 /* CounterUITestsLaunchTests.swift */; };
/* End PBXBuildFile section */

/* Begin PBXContainerItemProxy section */
		A64BE7022CBC38ED000DCCD9 /* PBXContainerItemProxy */ = {
			isa = PBXContainerItemProxy;
			containerPortal = A64BE6E32CBC38EB000DCCD9 /* Project object */;
			proxyType = 1;
			remoteGlobalIDString = A64BE6EA2CBC38EB000DCCD9;
			remoteInfo = Counter;
		};
		A64BE70C2CBC38ED000DCCD9 /* PBXContainerItemProxy */ = {
			isa = PBXContainerItemProxy;
			containerPortal = A64BE6E32CBC38EB000DCCD9 /* Project object */;
			proxyType = 1;
			remoteGlobalIDString = A64BE6EA2CBC38EB000DCCD9;
			remoteInfo = Counter;
		};
/* End PBXContainerItemProxy section */

/* Begin PBXFileReference section */
		A64BE6EB2CBC38EB000DCCD9 /* Counter.app */ = {isa = PBXFileReference; explicitFileType = wrapper.application; includeInIndex = 0; path = Counter.app; sourceTree = BUILT_PRODUCTS_DIR; };
		A64BE6EE2CBC38EB000DCCD9 /* AppDelegate.swift */ = {isa = PBXFileReference; lastKnownFileType = sourcecode.swift; path = AppDelegate.swift; sourceTree = "<group>"; };
		A64BE6F02CBC38EB000DCCD9 /* SceneDelegate.swift */ = {isa = PBXFileReference; lastKnownFileType = sourcecode.swift; path = SceneDelegate.swift; sourceTree = "<group>"; };
		A64BE6F22CBC38EB000DCCD9 /* ViewController.swift */ = {isa = PBXFileReference; lastKnownFileType = sourcecode.swift; path = ViewController.swift; sourceTree = "<group>"; };
		A64BE6F52CBC38EB000DCCD9 /* Base */ = {isa = PBXFileReference; lastKnownFileType = file.storyboard; name = Base; path = Base.lproj/Main.storyboard; sourceTree = "<group>"; };
		A64BE6F72CBC38EC000DCCD9 /* Assets.xcassets */ = {isa = PBXFileReference; lastKnownFileType = folder.assetcatalog; path = Assets.xcassets; sourceTree = "<group>"; };
		A64BE6FA2CBC38EC000DCCD9 /* Base */ = {isa = PBXFileReference; lastKnownFileType = file.storyboard; name = Base; path = Base.lproj/LaunchScreen.storyboard; sourceTree = "<group>"; };
		A64BE6FC2CBC38EC000DCCD9 /* Info.plist */ = {isa = PBXFileReference; lastKnownFileType = text.plist.xml; path = Info.plist; sourceTree = "<group>"; };
		A64BE7012CBC38ED000DCCD9 /* CounterTests.xctest */ = {isa = PBXFileReference; explicitFileType = wrapper.cfbundle; includeInIndex = 0; path = CounterTests.xctest; sourceTree = BUILT_PRODUCTS_DIR; };
		A64BE7052CBC38ED000DCCD9 /* CounterTests.swift */ = {isa = PBXFileReference; lastKnownFileType = sourcecode.swift; path = CounterTests.swift; sourceTree = "<group>"; };
		A64BE70B2CBC38ED000DCCD9 /* CounterUITests.xctest */ = {isa = PBXFileReference; explicitFileType = wrapper.cfbundle; includeInIndex = 0; path = CounterUITests.xctest; sourceTree = BUILT_PRODUCTS_DIR; };
		A64BE70F2CBC38ED000DCCD9 /* CounterUITests.swift */ = {isa = PBXFileReference; lastKnownFileType = sourcecode.swift; path = CounterUITests.swift; sourceTree = "<group>"; };
		A64BE7112CBC38ED000DCCD9 /* CounterUITestsLaunchTests.swift */ = {isa = PBXFileReference; lastKnownFileType = sourcecode.swift; path = CounterUITestsLaunchTests.swift; sourceTree = "<group>"; };
/* End PBXFileReference section */

/* Begin PBXFrameworksBuildPhase section */
		A64BE6E82CBC38EB000DCCD9 /* Frameworks */ = {
			isa = PBXFrameworksBuildPhase;
			buildActionMask = 2147483647;
			files = (
			);
			runOnlyForDeploymentPostprocessing = 0;
		};
		A64BE6FE2CBC38ED000DCCD9 /* Frameworks */ = {
			isa = PBXFrameworksBuildPhase;
			buildActionMask = 2147483647;
			files = (
			);
			runOnlyForDeploymentPostprocessing = 0;
		};
		A64BE7082CBC38ED000DCCD9 /* Frameworks */ = {
			isa = PBXFrameworksBuildPhase;
			buildActionMask = 2147483647;
			files = (
			);
			runOnlyForDeploymentPostprocessing = 0;
		};
/* End PBXFrameworksBuildPhase section */

/* Begin PBXGroup section */
		A64BE6E22CBC38EB000DCCD9 = {
			isa = PBXGroup;
			children = (
				A64BE6ED2CBC38EB000DCCD9 /* Counter */,
				A64BE7042CBC38ED000DCCD9 /* CounterTests */,
				A64BE70E2CBC38ED000DCCD9 /* CounterUITests */,
				A64BE6EC2CBC38EB000DCCD9 /* Products */,
			);
			sourceTree = "<group>";
		};
		A64BE6EC2CBC38EB000DCCD9 /* Products */ = {
			isa = PBXGroup;
			children = (
				A64BE6EB2CBC38EB000DCCD9 /* Counter.app */,
				A64BE7012CBC38ED000DCCD9 /* CounterTests.xctest */,
				A64BE70B2CBC38ED000DCCD9 /* CounterUITests.xctest */,
			);
			name = Products;
			sourceTree = "<group>";
		};
		A64BE6ED2CBC38EB000DCCD9 /* Counter */ = {
			isa = PBXGroup;
			children = (
				A64BE6EE2CBC38EB000DCCD9 /* AppDelegate.swift */,
				A64BE6F02CBC38EB000DCCD9 /* SceneDelegate.swift */,
				A64BE6F22CBC38EB000DCCD9 /* ViewController.swift */,
				A64BE6F42CBC38EB000DCCD9 /* Main.storyboard */,
				A64BE6F72CBC38EC000DCCD9 /* Assets.xcassets */,
				A64BE6F92CBC38EC000DCCD9 /* LaunchScreen.storyboard */,
				A64BE6FC2CBC38EC000DCCD9 /* Info.plist */,
			);
			path = Counter;
			sourceTree = "<group>";
		};
		A64BE7042CBC38ED000DCCD9 /* CounterTests */ = {
			isa = PBXGroup;
			children = (
				A64BE7052CBC38ED000DCCD9 /* CounterTests.swift */,
			);
			path = CounterTests;
			sourceTree = "<group>";
		};
		A64BE70E2CBC38ED000DCCD9 /* CounterUITests */ = {
			isa = PBXGroup;
			children = (
				A64BE70F2CBC38ED000DCCD9 /* CounterUITests.swift */,
				A64BE7112CBC38ED000DCCD9 /* CounterUITestsLaunchTests.swift */,
			);
			path = CounterUITests;
			sourceTree = "<group>";
		};
/* End PBXGroup section */

/* Begin PBXNativeTarget section */
		A64BE6EA2CBC38EB000DCCD9 /* Counter */ = {
			isa = PBXNativeTarget;
			buildConfigurationList = A64BE7152CBC38ED000DCCD9 /* Build configuration list for PBXNativeTarget "Counter" */;
			buildPhases = (
				A64BE6E72CBC38EB000DCCD9 /* Sources */,
				A64BE6E82CBC38EB000DCCD9 /* Frameworks */,
				A64BE6E92CBC38EB000DCCD9 /* Resources */,
			);
			buildRules = (
			);
			dependencies = (
			);
			name = Counter;
			productName = Counter;
			productReference = A64BE6EB2CBC38EB000DCCD9 /* Counter.app */;
			productType = "com.apple.product-type.application";
		};
		A64BE7002CBC38ED000DCCD9 /* CounterTests */ = {
			isa = PBXNativeTarget;
			buildConfigurationList = A64BE7182CBC38ED000DCCD9 /* Build configuration list for PBXNativeTarget "CounterTests" */;
			buildPhases = (
				A64BE6FD2CBC38ED000DCCD9 /* Sources */,
				A64BE6FE2CBC38ED000DCCD9 /* Frameworks */,
				A64BE6FF2CBC38ED000DCCD9 /* Resources */,
			);
			buildRules = (
			);
			dependencies = (
				A64BE7032CBC38ED000DCCD9 /* PBXTargetDependency */,
			);
			name = CounterTests;
			productName = CounterTests;
			productReference = A64BE7012CBC38ED000DCCD9 /* CounterTests.xctest */;
			productType = "com.apple.product-type.bundle.unit-test";
		};
		A64BE70A2CBC38ED000DCCD9 /* CounterUITests */ = {
			isa = PBXNativeTarget;
			buildConfigurationList = A64BE71B2CBC38ED000DCCD9 /* Build configuration list for PBXNativeTarget "CounterUITests" */;
			buildPhases = (
				A64BE7072CBC38ED000DCCD9 /* Sources */,
				A64BE7082CBC38ED000DCCD9 /* Frameworks */,
				A64BE7092CBC38ED000DCCD9 /* Resources */,
			);
			buildRules = (
			);
			dependencies = (
				A64BE70D2CBC38ED000DCCD9 /* PBXTargetDependency */,
			);
			name = CounterUITests;
			productName = CounterUITests;
			productReference = A64BE70B2CBC38ED000DCCD9 /* CounterUITests.xctest */;
			productType = "com.apple.product-type.bundle.ui-testing";
		};
/* End PBXNativeTarget section */

/* Begin PBXProject section */
		A64BE6E32CBC38EB000DCCD9 /* Project object */ = {
			isa = PBXProject;
			attributes = {
				BuildIndependentTargetsInParallel = 1;
				LastSwiftUpdateCheck = 1540;
				LastUpgradeCheck = 1540;
				TargetAttributes = {
					A64BE6EA2CBC38EB000DCCD9 = {
						CreatedOnToolsVersion = 15.4;
					};
					A64BE7002CBC38ED000DCCD9 = {
						CreatedOnToolsVersion = 15.4;
						TestTargetID = A64BE6EA2CBC38EB000DCCD9;
					};
					A64BE70A2CBC38ED000DCCD9 = {
						CreatedOnToolsVersion = 15.4;
						TestTargetID = A64BE6EA2CBC38EB000DCCD9;
					};
				};
			};
			buildConfigurationList = A64BE6E62CBC38EB000DCCD9 /* Build configuration list for PBXProject "Counter" */;
			compatibilityVersion = "Xcode 14.0";
			developmentRegion = en;
			hasScannedForEncodings = 0;
			knownRegions = (
				en,
				Base,
			);
			mainGroup = A64BE6E22CBC38EB000DCCD9;
			productRefGroup = A64BE6EC2CBC38EB000DCCD9 /* Products */;
			projectDirPath = "";
			projectRoot = "";
			targets = (
				A64BE6EA2CBC38EB000DCCD9 /* Counter */,
				A64BE7002CBC38ED000DCCD9 /* CounterTests */,
				A64BE70A2CBC38ED000DCCD9 /* CounterUITests */,
			);
		};
/* End PBXProject section */

/* Begin PBXResourcesBuildPhase section */
		A64BE6E92CBC38EB000DCCD9 /* Resources */ = {
			isa = PBXResourcesBuildPhase;
			buildActionMask = 2147483647;
			files = (
				A64BE6F82CBC38EC000DCCD9 /* Assets.xcassets in Resources */,
				A64BE6FB2CBC38EC000DCCD9 /* Base in Resources */,
				A64BE6F62CBC38EB000DCCD9 /* Base in Resources */,
			);
			runOnlyForDeploymentPostprocessing = 0;
		};
		A64BE6FF2CBC38ED000DCCD9 /* Resources */ = {
			isa = PBXResourcesBuildPhase;
			buildActionMask = 2147483647;
			files = (
			);
			runOnlyForDeploymentPostprocessing = 0;
		};
		A64BE7092CBC38ED000DCCD9 /* Resources */ = {
			isa = PBXResourcesBuildPhase;
			buildActionMask = 2147483647;
			files = (
			);
			runOnlyForDeploymentPostprocessing = 0;
		};
/* End PBXResourcesBuildPhase section */

/* Begin PBXSourcesBuildPhase section */
		A64BE6E72CBC38EB000DCCD9 /* Sources */ = {
			isa = PBXSourcesBuildPhase;
			buildActionMask = 2147483647;
			files = (
				A64BE6F32CBC38EB000DCCD9 /* ViewController.swift in Sources */,
				A64BE6EF2CBC38EB000DCCD9 /* AppDelegate.swift in Sources */,
				A64BE6F12CBC38EB000DCCD9 /* SceneDelegate.swift in Sources */,
			);
			runOnlyForDeploymentPostprocessing = 0;
		};
		A64BE6FD2CBC38ED000DCCD9 /* Sources */ = {
			isa = PBXSourcesBuildPhase;
			buildActionMask = 2147483647;
			files = (
				A64BE7062CBC38ED000DCCD9 /* CounterTests.swift in Sources */,
			);
			runOnlyForDeploymentPostprocessing = 0;
		};
		A64BE7072CBC38ED000DCCD9 /* Sources */ = {
			isa = PBXSourcesBuildPhase;
			buildActionMask = 2147483647;
			files = (
				A64BE7102CBC38ED000DCCD9 /* CounterUITests.swift in Sources */,
				A64BE7122CBC38ED000DCCD9 /* CounterUITestsLaunchTests.swift in Sources */,
			);
			runOnlyForDeploymentPostprocessing = 0;
		};
/* End PBXSourcesBuildPhase section */

/* Begin PBXTargetDependency section */
		A64BE7032CBC38ED000DCCD9 /* PBXTargetDependency */ = {
			isa = PBXTargetDependency;
			target = A64BE6EA2CBC38EB000DCCD9 /* Counter */;
			targetProxy = A64BE7022CBC38ED000DCCD9 /* PBXContainerItemProxy */;
		};
		A64BE70D2CBC38ED000DCCD9 /* PBXTargetDependency */ = {
			isa = PBXTargetDependency;
			target = A64BE6EA2CBC38EB000DCCD9 /* Counter */;
			targetProxy = A64BE70C2CBC38ED000DCCD9 /* PBXContainerItemProxy */;
		};
/* End PBXTargetDependency section */

/* Begin PBXVariantGroup section */
		A64BE6F42CBC38EB000DCCD9 /* Main.storyboard */ = {
			isa = PBXVariantGroup;
			children = (
				A64BE6F52CBC38EB000DCCD9 /* Base */,
			);
			name = Main.storyboard;
			sourceTree = "<group>";
		};
		A64BE6F92CBC38EC000DCCD9 /* LaunchScreen.storyboard */ = {
			isa = PBXVariantGroup;
			children = (
				A64BE6FA2CBC38EC000DCCD9 /* Base */,
			);
			name = LaunchScreen.storyboard;
			sourceTree = "<group>";
		};
/* End PBXVariantGroup section */

/* Begin XCBuildConfiguration section */
		A64BE7132CBC38ED000DCCD9 /* Debug */ = {
			isa = XCBuildConfiguration;
			buildSettings = {
				ALWAYS_SEARCH_USER_PATHS = NO;
				ASSETCATALOG_COMPILER_GENERATE_SWIFT_ASSET_SYMBOL_EXTENSIONS = YES;
				CLANG_ANALYZER_NONNULL = YES;
				CLANG_ANALYZER_NUMBER_OBJECT_CONVERSION = YES_AGGRESSIVE;
				CLANG_CXX_LANGUAGE_STANDARD = "gnu++20";
				CLANG_ENABLE_MODULES = YES;
				CLANG_ENABLE_OBJC_ARC = YES;
				CLANG_ENABLE_OBJC_WEAK = YES;
				CLANG_WARN_BLOCK_CAPTURE_AUTORELEASING = YES;
				CLANG_WARN_BOOL_CONVERSION = YES;
				CLANG_WARN_COMMA = YES;
				CLANG_WARN_CONSTANT_CONVERSION = YES;
				CLANG_WARN_DEPRECATED_OBJC_IMPLEMENTATIONS = YES;
				CLANG_WARN_DIRECT_OBJC_ISA_USAGE = YES_ERROR;
				CLANG_WARN_DOCUMENTATION_COMMENTS = YES;
				CLANG_WARN_EMPTY_BODY = YES;
				CLANG_WARN_ENUM_CONVERSION = YES;
				CLANG_WARN_INFINITE_RECURSION = YES;
				CLANG_WARN_INT_CONVERSION = YES;
				CLANG_WARN_NON_LITERAL_NULL_CONVERSION = YES;
				CLANG_WARN_OBJC_IMPLICIT_RETAIN_SELF = YES;
				CLANG_WARN_OBJC_LITERAL_CONVERSION = YES;
				CLANG_WARN_OBJC_ROOT_CLASS = YES_ERROR;
				CLANG_WARN_QUOTED_INCLUDE_IN_FRAMEWORK_HEADER = YES;
				CLANG_WARN_RANGE_LOOP_ANALYSIS = YES;
				CLANG_WARN_STRICT_PROTOTYPES = YES;
				CLANG_WARN_SUSPICIOUS_MOVE = YES;
				CLANG_WARN_UNGUARDED_AVAILABILITY = YES_AGGRESSIVE;
				CLANG_WARN_UNREACHABLE_CODE = YES;
				CLANG_WARN__DUPLICATE_METHOD_MATCH = YES;
				COPY_PHASE_STRIP = NO;
				DEBUG_INFORMATION_FORMAT = dwarf;
				ENABLE_STRICT_OBJC_MSGSEND = YES;
				ENABLE_TESTABILITY = YES;
				ENABLE_USER_SCRIPT_SANDBOXING = YES;
				GCC_C_LANGUAGE_STANDARD = gnu17;
				GCC_DYNAMIC_NO_PIC = NO;
				GCC_NO_COMMON_BLOCKS = YES;
				GCC_OPTIMIZATION_LEVEL = 0;
				GCC_PREPROCESSOR_DEFINITIONS = (
					"DEBUG=1",
					"$(inherited)",
				);
				GCC_WARN_64_TO_32_BIT_CONVERSION = YES;
				GCC_WARN_ABOUT_RETURN_TYPE = YES_ERROR;
				GCC_WARN_UNDECLARED_SELECTOR = YES;
				GCC_WARN_UNINITIALIZED_AUTOS = YES_AGGRESSIVE;
				GCC_WARN_UNUSED_FUNCTION = YES;
				GCC_WARN_UNUSED_VARIABLE = YES;
				IPHONEOS_DEPLOYMENT_TARGET = 17.5;
				LOCALIZATION_PREFERS_STRING_CATALOGS = YES;
				MTL_ENABLE_DEBUG_INFO = INCLUDE_SOURCE;
				MTL_FAST_MATH = YES;
				ONLY_ACTIVE_ARCH = YES;
				SDKROOT = iphoneos;
				SWIFT_ACTIVE_COMPILATION_CONDITIONS = "DEBUG $(inherited)";
				SWIFT_OPTIMIZATION_LEVEL = "-Onone";
			};
			name = Debug;
		};
		A64BE7142CBC38ED000DCCD9 /* Release */ = {
			isa = XCBuildConfiguration;
			buildSettings = {
				ALWAYS_SEARCH_USER_PATHS = NO;
				ASSETCATALOG_COMPILER_GENERATE_SWIFT_ASSET_SYMBOL_EXTENSIONS = YES;
				CLANG_ANALYZER_NONNULL = YES;
				CLANG_ANALYZER_NUMBER_OBJECT_CONVERSION = YES_AGGRESSIVE;
				CLANG_CXX_LANGUAGE_STANDARD = "gnu++20";
				CLANG_ENABLE_MODULES = YES;
				CLANG_ENABLE_OBJC_ARC = YES;
				CLANG_ENABLE_OBJC_WEAK = YES;
				CLANG_WARN_BLOCK_CAPTURE_AUTORELEASING = YES;
				CLANG_WARN_BOOL_CONVERSION = YES;
				CLANG_WARN_COMMA = YES;
				CLANG_WARN_CONSTANT_CONVERSION = YES;
				CLANG_WARN_DEPRECATED_OBJC_IMPLEMENTATIONS = YES;
				CLANG_WARN_DIRECT_OBJC_ISA_USAGE = YES_ERROR;
				CLANG_WARN_DOCUMENTATION_COMMENTS = YES;
				CLANG_WARN_EMPTY_BODY = YES;
				CLANG_WARN_ENUM_CONVERSION = YES;
				CLANG_WARN_INFINITE_RECURSION = YES;
				CLANG_WARN_INT_CONVERSION = YES;
				CLANG_WARN_NON_LITERAL_NULL_CONVERSION = YES;
				CLANG_WARN_OBJC_IMPLICIT_RETAIN_SELF = YES;
				CLANG_WARN_OBJC_LITERAL_CONVERSION = YES;
				CLANG_WARN_OBJC_ROOT_CLASS = YES_ERROR;
				CLANG_WARN_QUOTED_INCLUDE_IN_FRAMEWORK_HEADER = YES;
				CLANG_WARN_RANGE_LOOP_ANALYSIS = YES;
				CLANG_WARN_STRICT_PROTOTYPES = YES;
				CLANG_WARN_SUSPICIOUS_MOVE = YES;
				CLANG_WARN_UNGUARDED_AVAILABILITY = YES_AGGRESSIVE;
				CLANG_WARN_UNREACHABLE_CODE = YES;
				CLANG_WARN__DUPLICATE_METHOD_MATCH = YES;
				COPY_PHASE_STRIP = NO;
				DEBUG_INFORMATION_FORMAT = "dwarf-with-dsym";
				ENABLE_NS_ASSERTIONS = NO;
				ENABLE_STRICT_OBJC_MSGSEND = YES;
				ENABLE_USER_SCRIPT_SANDBOXING = YES;
				GCC_C_LANGUAGE_STANDARD = gnu17;
				GCC_NO_COMMON_BLOCKS = YES;
				GCC_WARN_64_TO_32_BIT_CONVERSION = YES;
				GCC_WARN_ABOUT_RETURN_TYPE = YES_ERROR;
				GCC_WARN_UNDECLARED_SELECTOR = YES;
				GCC_WARN_UNINITIALIZED_AUTOS = YES_AGGRESSIVE;
				GCC_WARN_UNUSED_FUNCTION = YES;
				GCC_WARN_UNUSED_VARIABLE = YES;
				IPHONEOS_DEPLOYMENT_TARGET = 17.5;
				LOCALIZATION_PREFERS_STRING_CATALOGS = YES;
				MTL_ENABLE_DEBUG_INFO = NO;
				MTL_FAST_MATH = YES;
				SDKROOT = iphoneos;
				SWIFT_COMPILATION_MODE = wholemodule;
				VALIDATE_PRODUCT = YES;
			};
			name = Release;
		};
		A64BE7162CBC38ED000DCCD9 /* Debug */ = {
			isa = XCBuildConfiguration;
			buildSettings = {
				ASSETCATALOG_COMPILER_APPICON_NAME = AppIcon;
				ASSETCATALOG_COMPILER_GLOBAL_ACCENT_COLOR_NAME = AccentColor;
				CODE_SIGN_STYLE = Automatic;
				CURRENT_PROJECT_VERSION = 1;
				DEVELOPMENT_TEAM = JCYVXKJS4P;
				GENERATE_INFOPLIST_FILE = YES;
				INFOPLIST_FILE = Counter/Info.plist;
				INFOPLIST_KEY_UIApplicationSupportsIndirectInputEvents = YES;
				INFOPLIST_KEY_UILaunchStoryboardName = LaunchScreen;
				INFOPLIST_KEY_UIMainStoryboardFile = Main;
				INFOPLIST_KEY_UISupportedInterfaceOrientations_iPad = "UIInterfaceOrientationPortrait UIInterfaceOrientationPortraitUpsideDown UIInterfaceOrientationLandscapeLeft UIInterfaceOrientationLandscapeRight";
				INFOPLIST_KEY_UISupportedInterfaceOrientations_iPhone = "UIInterfaceOrientationPortrait UIInterfaceOrientationLandscapeLeft UIInterfaceOrientationLandscapeRight";
				LD_RUNPATH_SEARCH_PATHS = (
					"$(inherited)",
					"@executable_path/Frameworks",
				);
				MARKETING_VERSION = 1.0;
				PRODUCT_BUNDLE_IDENTIFIER = yuriKar.Counter;
				PRODUCT_NAME = "$(TARGET_NAME)";
				SUPPORTED_PLATFORMS = "iphoneos iphonesimulator";
				SUPPORTS_MACCATALYST = NO;
				SUPPORTS_MAC_DESIGNED_FOR_IPHONE_IPAD = NO;
				SUPPORTS_XR_DESIGNED_FOR_IPHONE_IPAD = NO;
				SWIFT_EMIT_LOC_STRINGS = YES;
				SWIFT_VERSION = 5.0;
				TARGETED_DEVICE_FAMILY = 1;
			};
			name = Debug;
		};
		A64BE7172CBC38ED000DCCD9 /* Release */ = {
			isa = XCBuildConfiguration;
			buildSettings = {
				ASSETCATALOG_COMPILER_APPICON_NAME = AppIcon;
				ASSETCATALOG_COMPILER_GLOBAL_ACCENT_COLOR_NAME = AccentColor;
				CODE_SIGN_STYLE = Automatic;
				CURRENT_PROJECT_VERSION = 1;
				DEVELOPMENT_TEAM = JCYVXKJS4P;
				GENERATE_INFOPLIST_FILE = YES;
				INFOPLIST_FILE = Counter/Info.plist;
				INFOPLIST_KEY_UIApplicationSupportsIndirectInputEvents = YES;
				INFOPLIST_KEY_UILaunchStoryboardName = LaunchScreen;
				INFOPLIST_KEY_UIMainStoryboardFile = Main;
				INFOPLIST_KEY_UISupportedInterfaceOrientations_iPad = "UIInterfaceOrientationPortrait UIInterfaceOrientationPortraitUpsideDown UIInterfaceOrientationLandscapeLeft UIInterfaceOrientationLandscapeRight";
				INFOPLIST_KEY_UISupportedInterfaceOrientations_iPhone = "UIInterfaceOrientationPortrait UIInterfaceOrientationLandscapeLeft UIInterfaceOrientationLandscapeRight";
				LD_RUNPATH_SEARCH_PATHS = (
					"$(inherited)",
					"@executable_path/Frameworks",
				);
				MARKETING_VERSION = 1.0;
				PRODUCT_BUNDLE_IDENTIFIER = yuriKar.Counter;
				PRODUCT_NAME = "$(TARGET_NAME)";
				SUPPORTED_PLATFORMS = "iphoneos iphonesimulator";
				SUPPORTS_MACCATALYST = NO;
				SUPPORTS_MAC_DESIGNED_FOR_IPHONE_IPAD = NO;
				SUPPORTS_XR_DESIGNED_FOR_IPHONE_IPAD = NO;
				SWIFT_EMIT_LOC_STRINGS = YES;
				SWIFT_VERSION = 5.0;
				TARGETED_DEVICE_FAMILY = 1;
			};
			name = Release;
		};
		A64BE7192CBC38ED000DCCD9 /* Debug */ = {
			isa = XCBuildConfiguration;
			buildSettings = {
				ALWAYS_EMBED_SWIFT_STANDARD_LIBRARIES = YES;
				BUNDLE_LOADER = "$(TEST_HOST)";
				CODE_SIGN_STYLE = Automatic;
				CURRENT_PROJECT_VERSION = 1;
				DEVELOPMENT_TEAM = JCYVXKJS4P;
				GENERATE_INFOPLIST_FILE = YES;
				IPHONEOS_DEPLOYMENT_TARGET = 17.5;
				MARKETING_VERSION = 1.0;
				PRODUCT_BUNDLE_IDENTIFIER = yuriKar.CounterTests;
				PRODUCT_NAME = "$(TARGET_NAME)";
				SWIFT_EMIT_LOC_STRINGS = NO;
				SWIFT_VERSION = 5.0;
				TARGETED_DEVICE_FAMILY = "1,2";
				TEST_HOST = "$(BUILT_PRODUCTS_DIR)/Counter.app/$(BUNDLE_EXECUTABLE_FOLDER_PATH)/Counter";
			};
			name = Debug;
		};
		A64BE71A2CBC38ED000DCCD9 /* Release */ = {
			isa = XCBuildConfiguration;
			buildSettings = {
				ALWAYS_EMBED_SWIFT_STANDARD_LIBRARIES = YES;
				BUNDLE_LOADER = "$(TEST_HOST)";
				CODE_SIGN_STYLE = Automatic;
				CURRENT_PROJECT_VERSION = 1;
				DEVELOPMENT_TEAM = JCYVXKJS4P;
				GENERATE_INFOPLIST_FILE = YES;
				IPHONEOS_DEPLOYMENT_TARGET = 17.5;
				MARKETING_VERSION = 1.0;
				PRODUCT_BUNDLE_IDENTIFIER = yuriKar.CounterTests;
				PRODUCT_NAME = "$(TARGET_NAME)";
				SWIFT_EMIT_LOC_STRINGS = NO;
				SWIFT_VERSION = 5.0;
				TARGETED_DEVICE_FAMILY = "1,2";
				TEST_HOST = "$(BUILT_PRODUCTS_DIR)/Counter.app/$(BUNDLE_EXECUTABLE_FOLDER_PATH)/Counter";
			};
			name = Release;
		};
		A64BE71C2CBC38ED000DCCD9 /* Debug */ = {
			isa = XCBuildConfiguration;
			buildSettings = {
				ALWAYS_EMBED_SWIFT_STANDARD_LIBRARIES = YES;
				CODE_SIGN_STYLE = Automatic;
				CURRENT_PROJECT_VERSION = 1;
				DEVELOPMENT_TEAM = JCYVXKJS4P;
				GENERATE_INFOPLIST_FILE = YES;
				MARKETING_VERSION = 1.0;
				PRODUCT_BUNDLE_IDENTIFIER = yuriKar.CounterUITests;
				PRODUCT_NAME = "$(TARGET_NAME)";
				SWIFT_EMIT_LOC_STRINGS = NO;
				SWIFT_VERSION = 5.0;
				TARGETED_DEVICE_FAMILY = "1,2";
				TEST_TARGET_NAME = Counter;
			};
			name = Debug;
		};
		A64BE71D2CBC38ED000DCCD9 /* Release */ = {
			isa = XCBuildConfiguration;
			buildSettings = {
				ALWAYS_EMBED_SWIFT_STANDARD_LIBRARIES = YES;
				CODE_SIGN_STYLE = Automatic;
				CURRENT_PROJECT_VERSION = 1;
				DEVELOPMENT_TEAM = JCYVXKJS4P;
				GENERATE_INFOPLIST_FILE = YES;
				MARKETING_VERSION = 1.0;
				PRODUCT_BUNDLE_IDENTIFIER = yuriKar.CounterUITests;
				PRODUCT_NAME = "$(TARGET_NAME)";
				SWIFT_EMIT_LOC_STRINGS = NO;
				SWIFT_VERSION = 5.0;
				TARGETED_DEVICE_FAMILY = "1,2";
				TEST_TARGET_NAME = Counter;
			};
			name = Release;
		};
/* End XCBuildConfiguration section */

/* Begin XCConfigurationList section */
		A64BE6E62CBC38EB000DCCD9 /* Build configuration list for PBXProject "Counter" */ = {
			isa = XCConfigurationList;
			buildConfigurations = (
				A64BE7132CBC38ED000DCCD9 /* Debug */,
				A64BE7142CBC38ED000DCCD9 /* Release */,
			);
			defaultConfigurationIsVisible = 0;
			defaultConfigurationName = Release;
		};
		A64BE7152CBC38ED000DCCD9 /* Build configuration list for PBXNativeTarget "Counter" */ = {
			isa = XCConfigurationList;
			buildConfigurations = (
				A64BE7162CBC38ED000DCCD9 /* Debug */,
				A64BE7172CBC38ED000DCCD9 /* Release */,
			);
			defaultConfigurationIsVisible = 0;
			defaultConfigurationName = Release;
		};
		A64BE7182CBC38ED000DCCD9 /* Build configuration list for PBXNativeTarget "CounterTests" */ = {
			isa = XCConfigurationList;
			buildConfigurations = (
				A64BE7192CBC38ED000DCCD9 /* Debug */,
				A64BE71A2CBC38ED000DCCD9 /* Release */,
			);
			defaultConfigurationIsVisible = 0;
			defaultConfigurationName = Release;
		};
		A64BE71B2CBC38ED000DCCD9 /* Build configuration list for PBXNativeTarget "CounterUITests" */ = {
			isa = XCConfigurationList;
			buildConfigurations = (
				A64BE71C2CBC38ED000DCCD9 /* Debug */,
				A64BE71D2CBC38ED000DCCD9 /* Release */,
			);
			defaultConfigurationIsVisible = 0;
			defaultConfigurationName = Release;
		};
/* End XCConfigurationList section */
	};
	rootObject = A64BE6E32CBC38EB000DCCD9 /* Project object */;
}
